
Microsoft Visual Studio Solution File, Format Version 12.00
# Visual Studio 15
VisualStudioVersion = 15.0.26430.14
MinimumVisualStudioVersion = 10.0.40219.1
Project("{2150E333-8FDC-42A3-9474-1A3956D46DE8}") = "Solution Items", "Solution Items", "{1365E580-B9E5-4C83-B871-5256E2E68427}"
	ProjectSection(SolutionItems) = preProject
		.gitattributes = .gitattributes
		.gitignore = .gitignore
	EndProjectSection
EndProject
Project("{FAE04EC0-301F-11D3-BF4B-00C04F79EFBC}") = "FT.Annotation", "FT.Annotation\FT.Annotation.csproj", "{68AE4E80-B84D-4753-941C-CD97C3CB1A0F}"
EndProject
Project("{FAE04EC0-301F-11D3-BF4B-00C04F79EFBC}") = "DataAnnotation.Example", "DataAnnotation.Example\DataAnnotation.Example.csproj", "{B62542D5-35EE-491D-9695-575651D958CE}"
EndProject
Global
	GlobalSection(SolutionConfigurationPlatforms) = preSolution
		Debug|Any CPU = Debug|Any CPU
		Release|Any CPU = Release|Any CPU
	EndGlobalSection
	GlobalSection(ProjectConfigurationPlatforms) = postSolution
		{68AE4E80-B84D-4753-941C-CD97C3CB1A0F}.Debug|Any CPU.ActiveCfg = Debug|Any CPU
		{68AE4E80-B84D-4753-941C-CD97C3CB1A0F}.Debug|Any CPU.Build.0 = Debug|Any CPU
		{68AE4E80-B84D-4753-941C-CD97C3CB1A0F}.Release|Any CPU.ActiveCfg = Release|Any CPU
		{68AE4E80-B84D-4753-941C-CD97C3CB1A0F}.Release|Any CPU.Build.0 = Release|Any CPU
		{B62542D5-35EE-491D-9695-575651D958CE}.Debug|Any CPU.ActiveCfg = Debug|Any CPU
		{B62542D5-35EE-491D-9695-575651D958CE}.Debug|Any CPU.Build.0 = Debug|Any CPU
		{B62542D5-35EE-491D-9695-575651D958CE}.Release|Any CPU.ActiveCfg = Release|Any CPU
		{B62542D5-35EE-491D-9695-575651D958CE}.Release|Any CPU.Build.0 = Release|Any CPU
	EndGlobalSection
	GlobalSection(SolutionProperties) = preSolution
		HideSolutionNode = FALSE
	EndGlobalSection
EndGlobal
